
Microsoft Visual Studio Solution File, Format Version 12.00
# Visual Studio 2017
Project("{FAE04EC0-301F-11D3-BF4B-00C04F79EFBC}") = "Unity6", "Unity6.csproj", "{CDCC5D82-D9A2-406B-35FB-BDEBAE2FE5F1}"
EndProject
Global
	GlobalSection(SolutionConfigurationPlatforms) = preSolution
		Debug|Any CPU = Debug|Any CPU
		Release|Any CPU = Release|Any CPU
	EndGlobalSection
	GlobalSection(ProjectConfigurationPlatforms) = postSolution
		{CDCC5D82-D9A2-406B-35FB-BDEBAE2FE5F1}.Debug|Any CPU.ActiveCfg = Debug|Any CPU
		{CDCC5D82-D9A2-406B-35FB-BDEBAE2FE5F1}.Debug|Any CPU.Build.0 = Debug|Any CPU
		{CDCC5D82-D9A2-406B-35FB-BDEBAE2FE5F1}.Release|Any CPU.ActiveCfg = Release|Any CPU
		{CDCC5D82-D9A2-406B-35FB-BDEBAE2FE5F1}.Release|Any CPU.Build.0 = Release|Any CPU
	EndGlobalSection
	GlobalSection(SolutionProperties) = preSolution
		HideSolutionNode = FALSE
	EndGlobalSection
EndGlobal
